
Microsoft Visual Studio Solution File, Format Version 12.00
# Visual Studio Version 17
VisualStudioVersion = 17.14.36616.10 d17.14
MinimumVisualStudioVersion = 10.0.40219.1
Project("{FAE04EC0-301F-11D3-BF4B-00C04F79EFBC}") = "to-do-list", "to-do-list\to-do-list.csproj", "{E784C4FD-B601-4FED-B730-71BCF3D237EE}"
EndProject
Global
	GlobalSection(SolutionConfigurationPlatforms) = preSolution
		Debug|Any CPU = Debug|Any CPU
		Release|Any CPU = Release|Any CPU
	EndGlobalSection
	GlobalSection(ProjectConfigurationPlatforms) = postSolution
		{E784C4FD-B601-4FED-B730-71BCF3D237EE}.Debug|Any CPU.ActiveCfg = Debug|Any CPU
		{E784C4FD-B601-4FED-B730-71BCF3D237EE}.Debug|Any CPU.Build.0 = Debug|Any CPU
		{E784C4FD-B601-4FED-B730-71BCF3D237EE}.Release|Any CPU.ActiveCfg = Release|Any CPU
		{E784C4FD-B601-4FED-B730-71BCF3D237EE}.Release|Any CPU.Build.0 = Release|Any CPU
	EndGlobalSection
	GlobalSection(SolutionProperties) = preSolution
		HideSolutionNode = FALSE
	EndGlobalSection
	GlobalSection(ExtensibilityGlobals) = postSolution
		SolutionGuid = {91F4BC1E-E604-4F95-9CF8-A299E6805C01}
	EndGlobalSection
EndGlobal
